
Microsoft Visual Studio Solution File, Format Version 12.00
# Visual Studio Version 17
VisualStudioVersion = 17.3.32922.545
MinimumVisualStudioVersion = 10.0.40219.1
Project("{54435603-DBB4-11D2-8724-00A0C9A8B90C}") = "Setup64", "Setup64.vdproj", "{F57AE346-4E9B-4166-AA8B-3C5F57F23E53}"
EndProject
Global
	GlobalSection(SolutionConfigurationPlatforms) = preSolution
		Debug|Default = Debug|Default
		Release|Default = Release|Default
	EndGlobalSection
	GlobalSection(ProjectConfigurationPlatforms) = postSolution
		{F57AE346-4E9B-4166-AA8B-3C5F57F23E53}.Debug|Default.ActiveCfg = Debug
		{F57AE346-4E9B-4166-AA8B-3C5F57F23E53}.Debug|Default.Build.0 = Debug
		{F57AE346-4E9B-4166-AA8B-3C5F57F23E53}.Release|Default.ActiveCfg = Release
		{F57AE346-4E9B-4166-AA8B-3C5F57F23E53}.Release|Default.Build.0 = Release
	EndGlobalSection
	GlobalSection(SolutionProperties) = preSolution
		HideSolutionNode = FALSE
	EndGlobalSection
	GlobalSection(ExtensibilityGlobals) = postSolution
		SolutionGuid = {969A240E-E1D8-4CB3-BA31-AD8651B7E133}
	EndGlobalSection
EndGlobal
